
Microsoft Visual Studio Solution File, Format Version 12.00
# Visual Studio Version 17
VisualStudioVersion = 17.12.35707.178 d17.12
MinimumVisualStudioVersion = 10.0.40219.1
Project("{FAE04EC0-301F-11D3-BF4B-00C04F79EFBC}") = "NetDaemon.Extensions.Observables", "src\NetDaemon.Extensions.Observables\NetDaemon.Extensions.Observables.csproj", "{30FF6178-7406-4310-BA17-E7D51B5D3FFD}"
EndProject
Project("{FAE04EC0-301F-11D3-BF4B-00C04F79EFBC}") = "NetDaemon.Extensions.Observables.Tests", "tests\NetDaemon.Extensions.Observables.Tests\NetDaemon.Extensions.Observables.Tests.csproj", "{75A7C6C5-8CD3-4D2F-8F77-DF201AD6BE97}"
EndProject
Global
	GlobalSection(SolutionConfigurationPlatforms) = preSolution
		Debug|Any CPU = Debug|Any CPU
		Release|Any CPU = Release|Any CPU
	EndGlobalSection
	GlobalSection(ProjectConfigurationPlatforms) = postSolution
		{30FF6178-7406-4310-BA17-E7D51B5D3FFD}.Debug|Any CPU.ActiveCfg = Debug|Any CPU
		{30FF6178-7406-4310-BA17-E7D51B5D3FFD}.Debug|Any CPU.Build.0 = Debug|Any CPU
		{30FF6178-7406-4310-BA17-E7D51B5D3FFD}.Release|Any CPU.ActiveCfg = Release|Any CPU
		{30FF6178-7406-4310-BA17-E7D51B5D3FFD}.Release|Any CPU.Build.0 = Release|Any CPU
		{75A7C6C5-8CD3-4D2F-8F77-DF201AD6BE97}.Debug|Any CPU.ActiveCfg = Debug|Any CPU
		{75A7C6C5-8CD3-4D2F-8F77-DF201AD6BE97}.Debug|Any CPU.Build.0 = Debug|Any CPU
		{75A7C6C5-8CD3-4D2F-8F77-DF201AD6BE97}.Release|Any CPU.ActiveCfg = Release|Any CPU
		{75A7C6C5-8CD3-4D2F-8F77-DF201AD6BE97}.Release|Any CPU.Build.0 = Release|Any CPU
	EndGlobalSection
	GlobalSection(SolutionProperties) = preSolution
		HideSolutionNode = FALSE
	EndGlobalSection
EndGlobal
