
Microsoft Visual Studio Solution File, Format Version 12.00
# Visual Studio Version 17
VisualStudioVersion = 17.12.35707.178
MinimumVisualStudioVersion = 10.0.40219.1
Project("{FAE04EC0-301F-11D3-BF4B-00C04F79EFBC}") = "NetDaemon.Extensions.Observables", "src\NetDaemon.Extensions.Observables\NetDaemon.Extensions.Observables.csproj", "{30FF6178-7406-4310-BA17-E7D51B5D3FFD}"
EndProject
Project("{FAE04EC0-301F-11D3-BF4B-00C04F79EFBC}") = "NetDaemon.Extensions.Observables.Tests", "tests\NetDaemon.Extensions.Observables.Tests\NetDaemon.Extensions.Observables.Tests.csproj", "{75A7C6C5-8CD3-4D2F-8F77-DF201AD6BE97}"
EndProject
Project("{2150E333-8FDC-42A3-9474-1A3956D46DE8}") = "Tests", "Tests", "{5BCD08C3-3034-4D08-AC01-2AB6DFD67C33}"
EndProject
Project("{FAE04EC0-301F-11D3-BF4B-00C04F79EFBC}") = "AutomationPipelines", "src\AutomationPipelines\AutomationPipelines.csproj", "{D0F0C414-2BC1-4DAC-BC0A-E48FE0FD4323}"
EndProject
Project("{2150E333-8FDC-42A3-9474-1A3956D46DE8}") = "NetDaemon", "NetDaemon", "{EE400C51-DA8E-41AC-B171-FCCEDB13C879}"
EndProject
Project("{2150E333-8FDC-42A3-9474-1A3956D46DE8}") = "Pipelines", "Pipelines", "{597EA7A7-611C-4C75-B8FA-78C2DCF4632E}"
EndProject
Project("{FAE04EC0-301F-11D3-BF4B-00C04F79EFBC}") = "AutomationPipelines.Tests", "tests\AutomationPipelines.Tests\AutomationPipelines.Tests.csproj", "{94E4B13D-3186-4BC9-90EA-F16FF04BCC80}"
EndProject
Project("{2150E333-8FDC-42A3-9474-1A3956D46DE8}") = "Tests", "Tests", "{9E5A9B72-8828-45B2-AA54-8AFEBFCB901C}"
EndProject
Global
	GlobalSection(SolutionConfigurationPlatforms) = preSolution
		Debug|Any CPU = Debug|Any CPU
		Release|Any CPU = Release|Any CPU
	EndGlobalSection
	GlobalSection(ProjectConfigurationPlatforms) = postSolution
		{30FF6178-7406-4310-BA17-E7D51B5D3FFD}.Debug|Any CPU.ActiveCfg = Debug|Any CPU
		{30FF6178-7406-4310-BA17-E7D51B5D3FFD}.Debug|Any CPU.Build.0 = Debug|Any CPU
		{30FF6178-7406-4310-BA17-E7D51B5D3FFD}.Release|Any CPU.ActiveCfg = Release|Any CPU
		{30FF6178-7406-4310-BA17-E7D51B5D3FFD}.Release|Any CPU.Build.0 = Release|Any CPU
		{75A7C6C5-8CD3-4D2F-8F77-DF201AD6BE97}.Debug|Any CPU.ActiveCfg = Debug|Any CPU
		{75A7C6C5-8CD3-4D2F-8F77-DF201AD6BE97}.Debug|Any CPU.Build.0 = Debug|Any CPU
		{75A7C6C5-8CD3-4D2F-8F77-DF201AD6BE97}.Release|Any CPU.ActiveCfg = Release|Any CPU
		{75A7C6C5-8CD3-4D2F-8F77-DF201AD6BE97}.Release|Any CPU.Build.0 = Release|Any CPU
		{D0F0C414-2BC1-4DAC-BC0A-E48FE0FD4323}.Debug|Any CPU.ActiveCfg = Debug|Any CPU
		{D0F0C414-2BC1-4DAC-BC0A-E48FE0FD4323}.Debug|Any CPU.Build.0 = Debug|Any CPU
		{D0F0C414-2BC1-4DAC-BC0A-E48FE0FD4323}.Release|Any CPU.ActiveCfg = Release|Any CPU
		{D0F0C414-2BC1-4DAC-BC0A-E48FE0FD4323}.Release|Any CPU.Build.0 = Release|Any CPU
		{94E4B13D-3186-4BC9-90EA-F16FF04BCC80}.Debug|Any CPU.ActiveCfg = Debug|Any CPU
		{94E4B13D-3186-4BC9-90EA-F16FF04BCC80}.Debug|Any CPU.Build.0 = Debug|Any CPU
		{94E4B13D-3186-4BC9-90EA-F16FF04BCC80}.Release|Any CPU.ActiveCfg = Release|Any CPU
		{94E4B13D-3186-4BC9-90EA-F16FF04BCC80}.Release|Any CPU.Build.0 = Release|Any CPU
	EndGlobalSection
	GlobalSection(SolutionProperties) = preSolution
		HideSolutionNode = FALSE
	EndGlobalSection
	GlobalSection(NestedProjects) = preSolution
		{30FF6178-7406-4310-BA17-E7D51B5D3FFD} = {EE400C51-DA8E-41AC-B171-FCCEDB13C879}
		{75A7C6C5-8CD3-4D2F-8F77-DF201AD6BE97} = {5BCD08C3-3034-4D08-AC01-2AB6DFD67C33}
		{5BCD08C3-3034-4D08-AC01-2AB6DFD67C33} = {EE400C51-DA8E-41AC-B171-FCCEDB13C879}
		{D0F0C414-2BC1-4DAC-BC0A-E48FE0FD4323} = {597EA7A7-611C-4C75-B8FA-78C2DCF4632E}
		{94E4B13D-3186-4BC9-90EA-F16FF04BCC80} = {9E5A9B72-8828-45B2-AA54-8AFEBFCB901C}
		{9E5A9B72-8828-45B2-AA54-8AFEBFCB901C} = {597EA7A7-611C-4C75-B8FA-78C2DCF4632E}
	EndGlobalSection
EndGlobal
